
Microsoft Visual Studio Solution File, Format Version 12.00
# Visual Studio 15
VisualStudioVersion = 15.0.28307.106
MinimumVisualStudioVersion = 10.0.40219.1
Project("{FAE04EC0-301F-11D3-BF4B-00C04F79EFBC}") = "TaskManager.DAL", "TaskManager.DAL\TaskManager.DAL.csproj", "{1BC8862E-62C0-4A20-9472-106CF965D4D2}"
EndProject
Project("{FAE04EC0-301F-11D3-BF4B-00C04F79EFBC}") = "TaskManager.BL", "TaskManager.BL\TaskManager.BL.csproj", "{A0032E66-0820-4745-9C23-85796EF363F6}"
EndProject
Project("{FAE04EC0-301F-11D3-BF4B-00C04F79EFBC}") = "TaskManager.API", "TaskManager.API\TaskManager.API.csproj", "{ABB5ED09-AFAA-41C7-9874-627B4294C529}"
EndProject
Project("{FAE04EC0-301F-11D3-BF4B-00C04F79EFBC}") = "TaskManager.UnitTest", "TaskManager.UnitTest\TaskManager.UnitTest.csproj", "{4061E01E-B0CD-4FA7-8FCC-8226DCB62620}"
EndProject
Project("{FAE04EC0-301F-11D3-BF4B-00C04F79EFBC}") = "TaskManager.PerformanceTest", "TaskManager.PerformanceTest\TaskManager.PerformanceTest.csproj", "{C36F6DB0-5B5B-4933-A149-66929CA527DE}"
EndProject
Global
	GlobalSection(SolutionConfigurationPlatforms) = preSolution
		Debug|Any CPU = Debug|Any CPU
		Release|Any CPU = Release|Any CPU
	EndGlobalSection
	GlobalSection(ProjectConfigurationPlatforms) = postSolution
		{1BC8862E-62C0-4A20-9472-106CF965D4D2}.Debug|Any CPU.ActiveCfg = Debug|Any CPU
		{1BC8862E-62C0-4A20-9472-106CF965D4D2}.Debug|Any CPU.Build.0 = Debug|Any CPU
		{1BC8862E-62C0-4A20-9472-106CF965D4D2}.Release|Any CPU.ActiveCfg = Release|Any CPU
		{1BC8862E-62C0-4A20-9472-106CF965D4D2}.Release|Any CPU.Build.0 = Release|Any CPU
		{A0032E66-0820-4745-9C23-85796EF363F6}.Debug|Any CPU.ActiveCfg = Debug|Any CPU
		{A0032E66-0820-4745-9C23-85796EF363F6}.Debug|Any CPU.Build.0 = Debug|Any CPU
		{A0032E66-0820-4745-9C23-85796EF363F6}.Release|Any CPU.ActiveCfg = Release|Any CPU
		{A0032E66-0820-4745-9C23-85796EF363F6}.Release|Any CPU.Build.0 = Release|Any CPU
		{ABB5ED09-AFAA-41C7-9874-627B4294C529}.Debug|Any CPU.ActiveCfg = Debug|Any CPU
		{ABB5ED09-AFAA-41C7-9874-627B4294C529}.Debug|Any CPU.Build.0 = Debug|Any CPU
		{ABB5ED09-AFAA-41C7-9874-627B4294C529}.Release|Any CPU.ActiveCfg = Release|Any CPU
		{ABB5ED09-AFAA-41C7-9874-627B4294C529}.Release|Any CPU.Build.0 = Release|Any CPU
		{4061E01E-B0CD-4FA7-8FCC-8226DCB62620}.Debug|Any CPU.ActiveCfg = Debug|Any CPU
		{4061E01E-B0CD-4FA7-8FCC-8226DCB62620}.Debug|Any CPU.Build.0 = Debug|Any CPU
		{4061E01E-B0CD-4FA7-8FCC-8226DCB62620}.Release|Any CPU.ActiveCfg = Release|Any CPU
		{4061E01E-B0CD-4FA7-8FCC-8226DCB62620}.Release|Any CPU.Build.0 = Release|Any CPU
		{C36F6DB0-5B5B-4933-A149-66929CA527DE}.Debug|Any CPU.ActiveCfg = Debug|Any CPU
		{C36F6DB0-5B5B-4933-A149-66929CA527DE}.Debug|Any CPU.Build.0 = Debug|Any CPU
		{C36F6DB0-5B5B-4933-A149-66929CA527DE}.Release|Any CPU.ActiveCfg = Release|Any CPU
		{C36F6DB0-5B5B-4933-A149-66929CA527DE}.Release|Any CPU.Build.0 = Release|Any CPU
	EndGlobalSection
	GlobalSection(SolutionProperties) = preSolution
		HideSolutionNode = FALSE
	EndGlobalSection
	GlobalSection(ExtensibilityGlobals) = postSolution
		SolutionGuid = {CAF0CDB1-6028-459D-A00D-76CC2785B3BF}
	EndGlobalSection
EndGlobal
